// !$*UTF8*$!
{
	archiveVersion = 1;
	classes = {
	};
	objectVersion = 55;
	objects = {

/* Begin PBXBuildFile section */
		537D622827DBE5B600882207 /* DicedApp.swift in Sources */ = {isa = PBXBuildFile; fileRef = 537D622727DBE5B600882207 /* DicedApp.swift */; };
		537D622A27DBE5B600882207 /* ContentView.swift in Sources */ = {isa = PBXBuildFile; fileRef = 537D622927DBE5B600882207 /* ContentView.swift */; };
		537D622C27DBE5B800882207 /* Assets.xcassets in Resources */ = {isa = PBXBuildFile; fileRef = 537D622B27DBE5B800882207 /* Assets.xcassets */; };
		537D622F27DBE5B800882207 /* Preview Assets.xcassets in Resources */ = {isa = PBXBuildFile; fileRef = 537D622E27DBE5B800882207 /* Preview Assets.xcassets */; };
		537D623927DBE5B800882207 /* DicedTests.swift in Sources */ = {isa = PBXBuildFile; fileRef = 537D623827DBE5B800882207 /* DicedTests.swift */; };
		537D624327DBE5B800882207 /* DicedUITests.swift in Sources */ = {isa = PBXBuildFile; fileRef = 537D624227DBE5B800882207 /* DicedUITests.swift */; };
		537D624527DBE5B800882207 /* DicedUITestsLaunchTests.swift in Sources */ = {isa = PBXBuildFile; fileRef = 537D624427DBE5B800882207 /* DicedUITestsLaunchTests.swift */; };
/* End PBXBuildFile section */

/* Begin PBXContainerItemProxy section */
		537D623527DBE5B800882207 /* PBXContainerItemProxy */ = {
			isa = PBXContainerItemProxy;
			containerPortal = 537D621C27DBE5B600882207 /* Project object */;
			proxyType = 1;
			remoteGlobalIDString = 537D622327DBE5B600882207;
			remoteInfo = Diced;
		};
		537D623F27DBE5B800882207 /* PBXContainerItemProxy */ = {
			isa = PBXContainerItemProxy;
			containerPortal = 537D621C27DBE5B600882207 /* Project object */;
			proxyType = 1;
			remoteGlobalIDString = 537D622327DBE5B600882207;
			remoteInfo = Diced;
		};
/* End PBXContainerItemProxy section */

/* Begin PBXFileReference section */
		537D622427DBE5B600882207 /* Diced.app */ = {isa = PBXFileReference; explicitFileType = wrapper.application; includeInIndex = 0; path = Diced.app; sourceTree = BUILT_PRODUCTS_DIR; };
		537D622727DBE5B600882207 /* DicedApp.swift */ = {isa = PBXFileReference; lastKnownFileType = sourcecode.swift; path = DicedApp.swift; sourceTree = "<group>"; };
		537D622927DBE5B600882207 /* ContentView.swift */ = {isa = PBXFileReference; lastKnownFileType = sourcecode.swift; path = ContentView.swift; sourceTree = "<group>"; };
		537D622B27DBE5B800882207 /* Assets.xcassets */ = {isa = PBXFileReference; lastKnownFileType = folder.assetcatalog; path = Assets.xcassets; sourceTree = "<group>"; };
		537D622E27DBE5B800882207 /* Preview Assets.xcassets */ = {isa = PBXFileReference; lastKnownFileType = folder.assetcatalog; path = "Preview Assets.xcassets"; sourceTree = "<group>"; };
		537D623427DBE5B800882207 /* DicedTests.xctest */ = {isa = PBXFileReference; explicitFileType = wrapper.cfbundle; includeInIndex = 0; path = DicedTests.xctest; sourceTree = BUILT_PRODUCTS_DIR; };
		537D623827DBE5B800882207 /* DicedTests.swift */ = {isa = PBXFileReference; lastKnownFileType = sourcecode.swift; path = DicedTests.swift; sourceTree = "<group>"; };
		537D623E27DBE5B800882207 /* DicedUITests.xctest */ = {isa = PBXFileReference; explicitFileType = wrapper.cfbundle; includeInIndex = 0; path = DicedUITests.xctest; sourceTree = BUILT_PRODUCTS_DIR; };
		537D624227DBE5B800882207 /* DicedUITests.swift */ = {isa = PBXFileReference; lastKnownFileType = sourcecode.swift; path = DicedUITests.swift; sourceTree = "<group>"; };
		537D624427DBE5B800882207 /* DicedUITestsLaunchTests.swift */ = {isa = PBXFileReference; lastKnownFileType = sourcecode.swift; path = DicedUITestsLaunchTests.swift; sourceTree = "<group>"; };
/* End PBXFileReference section */

/* Begin PBXFrameworksBuildPhase section */
		537D622127DBE5B600882207 /* Frameworks */ = {
			isa = PBXFrameworksBuildPhase;
			buildActionMask = 2147483647;
			files = (
			);
			runOnlyForDeploymentPostprocessing = 0;
		};
		537D623127DBE5B800882207 /* Frameworks */ = {
			isa = PBXFrameworksBuildPhase;
			buildActionMask = 2147483647;
			files = (
			);
			runOnlyForDeploymentPostprocessing = 0;
		};
		537D623B27DBE5B800882207 /* Frameworks */ = {
			isa = PBXFrameworksBuildPhase;
			buildActionMask = 2147483647;
			files = (
			);
			runOnlyForDeploymentPostprocessing = 0;
		};
/* End PBXFrameworksBuildPhase section */

/* Begin PBXGroup section */
		537D621B27DBE5B600882207 = {
			isa = PBXGroup;
			children = (
				537D622627DBE5B600882207 /* Diced */,
				537D623727DBE5B800882207 /* DicedTests */,
				537D624127DBE5B800882207 /* DicedUITests */,
				537D622527DBE5B600882207 /* Products */,
			);
			sourceTree = "<group>";
		};
		537D622527DBE5B600882207 /* Products */ = {
			isa = PBXGroup;
			children = (
				537D622427DBE5B600882207 /* Diced.app */,
				537D623427DBE5B800882207 /* DicedTests.xctest */,
				537D623E27DBE5B800882207 /* DicedUITests.xctest */,
			);
			name = Products;
			sourceTree = "<group>";
		};
		537D622627DBE5B600882207 /* Diced */ = {
			isa = PBXGroup;
			children = (
				537D622727DBE5B600882207 /* DicedApp.swift */,
				537D622927DBE5B600882207 /* ContentView.swift */,
				537D622B27DBE5B800882207 /* Assets.xcassets */,
				537D622D27DBE5B800882207 /* Preview Content */,
			);
			path = Diced;
			sourceTree = "<group>";
		};
		537D622D27DBE5B800882207 /* Preview Content */ = {
			isa = PBXGroup;
			children = (
				537D622E27DBE5B800882207 /* Preview Assets.xcassets */,
			);
			path = "Preview Content";
			sourceTree = "<group>";
		};
		537D623727DBE5B800882207 /* DicedTests */ = {
			isa = PBXGroup;
			children = (
				537D623827DBE5B800882207 /* DicedTests.swift */,
			);
			path = DicedTests;
			sourceTree = "<group>";
		};
		537D624127DBE5B800882207 /* DicedUITests */ = {
			isa = PBXGroup;
			children = (
				537D624227DBE5B800882207 /* DicedUITests.swift */,
				537D624427DBE5B800882207 /* DicedUITestsLaunchTests.swift */,
			);
			path = DicedUITests;
			sourceTree = "<group>";
		};
/* End PBXGroup section */

/* Begin PBXNativeTarget section */
		537D622327DBE5B600882207 /* Diced */ = {
			isa = PBXNativeTarget;
			buildConfigurationList = 537D624827DBE5B800882207 /* Build configuration list for PBXNativeTarget "Diced" */;
			buildPhases = (
				537D622027DBE5B600882207 /* Sources */,
				537D622127DBE5B600882207 /* Frameworks */,
				537D622227DBE5B600882207 /* Resources */,
			);
			buildRules = (
			);
			dependencies = (
			);
			name = Diced;
			productName = Diced;
			productReference = 537D622427DBE5B600882207 /* Diced.app */;
			productType = "com.apple.product-type.application";
		};
		537D623327DBE5B800882207 /* DicedTests */ = {
			isa = PBXNativeTarget;
			buildConfigurationList = 537D624B27DBE5B800882207 /* Build configuration list for PBXNativeTarget "DicedTests" */;
			buildPhases = (
				537D623027DBE5B800882207 /* Sources */,
				537D623127DBE5B800882207 /* Frameworks */,
				537D623227DBE5B800882207 /* Resources */,
			);
			buildRules = (
			);
			dependencies = (
				537D623627DBE5B800882207 /* PBXTargetDependency */,
			);
			name = DicedTests;
			productName = DicedTests;
			productReference = 537D623427DBE5B800882207 /* DicedTests.xctest */;
			productType = "com.apple.product-type.bundle.unit-test";
		};
		537D623D27DBE5B800882207 /* DicedUITests */ = {
			isa = PBXNativeTarget;
			buildConfigurationList = 537D624E27DBE5B800882207 /* Build configuration list for PBXNativeTarget "DicedUITests" */;
			buildPhases = (
				537D623A27DBE5B800882207 /* Sources */,
				537D623B27DBE5B800882207 /* Frameworks */,
				537D623C27DBE5B800882207 /* Resources */,
			);
			buildRules = (
			);
			dependencies = (
				537D624027DBE5B800882207 /* PBXTargetDependency */,
			);
			name = DicedUITests;
			productName = DicedUITests;
			productReference = 537D623E27DBE5B800882207 /* DicedUITests.xctest */;
			productType = "com.apple.product-type.bundle.ui-testing";
		};
/* End PBXNativeTarget section */

/* Begin PBXProject section */
		537D621C27DBE5B600882207 /* Project object */ = {
			isa = PBXProject;
			attributes = {
				BuildIndependentTargetsInParallel = 1;
				LastSwiftUpdateCheck = 1320;
				LastUpgradeCheck = 1320;
				TargetAttributes = {
					537D622327DBE5B600882207 = {
						CreatedOnToolsVersion = 13.2.1;
					};
					537D623327DBE5B800882207 = {
						CreatedOnToolsVersion = 13.2.1;
						TestTargetID = 537D622327DBE5B600882207;
					};
					537D623D27DBE5B800882207 = {
						CreatedOnToolsVersion = 13.2.1;
						TestTargetID = 537D622327DBE5B600882207;
					};
				};
			};
			buildConfigurationList = 537D621F27DBE5B600882207 /* Build configuration list for PBXProject "Diced" */;
			compatibilityVersion = "Xcode 13.0";
			developmentRegion = en;
			hasScannedForEncodings = 0;
			knownRegions = (
				en,
				Base,
			);
			mainGroup = 537D621B27DBE5B600882207;
			productRefGroup = 537D622527DBE5B600882207 /* Products */;
			projectDirPath = "";
			projectRoot = "";
			targets = (
				537D622327DBE5B600882207 /* Diced */,
				537D623327DBE5B800882207 /* DicedTests */,
				537D623D27DBE5B800882207 /* DicedUITests */,
			);
		};
/* End PBXProject section */

/* Begin PBXResourcesBuildPhase section */
		537D622227DBE5B600882207 /* Resources */ = {
			isa = PBXResourcesBuildPhase;
			buildActionMask = 2147483647;
			files = (
				537D622F27DBE5B800882207 /* Preview Assets.xcassets in Resources */,
				537D622C27DBE5B800882207 /* Assets.xcassets in Resources */,
			);
			runOnlyForDeploymentPostprocessing = 0;
		};
		537D623227DBE5B800882207 /* Resources */ = {
			isa = PBXResourcesBuildPhase;
			buildActionMask = 2147483647;
			files = (
			);
			runOnlyForDeploymentPostprocessing = 0;
		};
		537D623C27DBE5B800882207 /* Resources */ = {
			isa = PBXResourcesBuildPhase;
			buildActionMask = 2147483647;
			files = (
			);
			runOnlyForDeploymentPostprocessing = 0;
		};
/* End PBXResourcesBuildPhase section */

/* Begin PBXSourcesBuildPhase section */
		537D622027DBE5B600882207 /* Sources */ = {
			isa = PBXSourcesBuildPhase;
			buildActionMask = 2147483647;
			files = (
				537D622A27DBE5B600882207 /* ContentView.swift in Sources */,
				537D622827DBE5B600882207 /* DicedApp.swift in Sources */,
			);
			runOnlyForDeploymentPostprocessing = 0;
		};
		537D623027DBE5B800882207 /* Sources */ = {
			isa = PBXSourcesBuildPhase;
			buildActionMask = 2147483647;
			files = (
				537D623927DBE5B800882207 /* DicedTests.swift in Sources */,
			);
			runOnlyForDeploymentPostprocessing = 0;
		};
		537D623A27DBE5B800882207 /* Sources */ = {
			isa = PBXSourcesBuildPhase;
			buildActionMask = 2147483647;
			files = (
				537D624527DBE5B800882207 /* DicedUITestsLaunchTests.swift in Sources */,
				537D624327DBE5B800882207 /* DicedUITests.swift in Sources */,
			);
			runOnlyForDeploymentPostprocessing = 0;
		};
/* End PBXSourcesBuildPhase section */

/* Begin PBXTargetDependency section */
		537D623627DBE5B800882207 /* PBXTargetDependency */ = {
			isa = PBXTargetDependency;
			target = 537D622327DBE5B600882207 /* Diced */;
			targetProxy = 537D623527DBE5B800882207 /* PBXContainerItemProxy */;
		};
		537D624027DBE5B800882207 /* PBXTargetDependency */ = {
			isa = PBXTargetDependency;
			target = 537D622327DBE5B600882207 /* Diced */;
			targetProxy = 537D623F27DBE5B800882207 /* PBXContainerItemProxy */;
		};
/* End PBXTargetDependency section */

/* Begin XCBuildConfiguration section */
		537D624627DBE5B800882207 /* Debug */ = {
			isa = XCBuildConfiguration;
			buildSettings = {
				ALWAYS_SEARCH_USER_PATHS = NO;
				CLANG_ANALYZER_NONNULL = YES;
				CLANG_ANALYZER_NUMBER_OBJECT_CONVERSION = YES_AGGRESSIVE;
				CLANG_CXX_LANGUAGE_STANDARD = "gnu++17";
				CLANG_CXX_LIBRARY = "libc++";
				CLANG_ENABLE_MODULES = YES;
				CLANG_ENABLE_OBJC_ARC = YES;
				CLANG_ENABLE_OBJC_WEAK = YES;
				CLANG_WARN_BLOCK_CAPTURE_AUTORELEASING = YES;
				CLANG_WARN_BOOL_CONVERSION = YES;
				CLANG_WARN_COMMA = YES;
				CLANG_WARN_CONSTANT_CONVERSION = YES;
				CLANG_WARN_DEPRECATED_OBJC_IMPLEMENTATIONS = YES;
				CLANG_WARN_DIRECT_OBJC_ISA_USAGE = YES_ERROR;
				CLANG_WARN_DOCUMENTATION_COMMENTS = YES;
				CLANG_WARN_EMPTY_BODY = YES;
				CLANG_WARN_ENUM_CONVERSION = YES;
				CLANG_WARN_INFINITE_RECURSION = YES;
				CLANG_WARN_INT_CONVERSION = YES;
				CLANG_WARN_NON_LITERAL_NULL_CONVERSION = YES;
				CLANG_WARN_OBJC_IMPLICIT_RETAIN_SELF = YES;
				CLANG_WARN_OBJC_LITERAL_CONVERSION = YES;
				CLANG_WARN_OBJC_ROOT_CLASS = YES_ERROR;
				CLANG_WARN_QUOTED_INCLUDE_IN_FRAMEWORK_HEADER = YES;
				CLANG_WARN_RANGE_LOOP_ANALYSIS = YES;
				CLANG_WARN_STRICT_PROTOTYPES = YES;
				CLANG_WARN_SUSPICIOUS_MOVE = YES;
				CLANG_WARN_UNGUARDED_AVAILABILITY = YES_AGGRESSIVE;
				CLANG_WARN_UNREACHABLE_CODE = YES;
				CLANG_WARN__DUPLICATE_METHOD_MATCH = YES;
				COPY_PHASE_STRIP = NO;
				DEBUG_INFORMATION_FORMAT = dwarf;
				ENABLE_STRICT_OBJC_MSGSEND = YES;
				ENABLE_TESTABILITY = YES;
				GCC_C_LANGUAGE_STANDARD = gnu11;
				GCC_DYNAMIC_NO_PIC = NO;
				GCC_NO_COMMON_BLOCKS = YES;
				GCC_OPTIMIZATION_LEVEL = 0;
				GCC_PREPROCESSOR_DEFINITIONS = (
					"DEBUG=1",
					"$(inherited)",
				);
				GCC_WARN_64_TO_32_BIT_CONVERSION = YES;
				GCC_WARN_ABOUT_RETURN_TYPE = YES_ERROR;
				GCC_WARN_UNDECLARED_SELECTOR = YES;
				GCC_WARN_UNINITIALIZED_AUTOS = YES_AGGRESSIVE;
				GCC_WARN_UNUSED_FUNCTION = YES;
				GCC_WARN_UNUSED_VARIABLE = YES;
				IPHONEOS_DEPLOYMENT_TARGET = 15.2;
				MTL_ENABLE_DEBUG_INFO = INCLUDE_SOURCE;
				MTL_FAST_MATH = YES;
				ONLY_ACTIVE_ARCH = YES;
				SDKROOT = iphoneos;
				SWIFT_ACTIVE_COMPILATION_CONDITIONS = DEBUG;
				SWIFT_OPTIMIZATION_LEVEL = "-Onone";
			};
			name = Debug;
		};
		537D624727DBE5B800882207 /* Release */ = {
			isa = XCBuildConfiguration;
			buildSettings = {
				ALWAYS_SEARCH_USER_PATHS = NO;
				CLANG_ANALYZER_NONNULL = YES;
				CLANG_ANALYZER_NUMBER_OBJECT_CONVERSION = YES_AGGRESSIVE;
				CLANG_CXX_LANGUAGE_STANDARD = "gnu++17";
				CLANG_CXX_LIBRARY = "libc++";
				CLANG_ENABLE_MODULES = YES;
				CLANG_ENABLE_OBJC_ARC = YES;
				CLANG_ENABLE_OBJC_WEAK = YES;
				CLANG_WARN_BLOCK_CAPTURE_AUTORELEASING = YES;
				CLANG_WARN_BOOL_CONVERSION = YES;
				CLANG_WARN_COMMA = YES;
				CLANG_WARN_CONSTANT_CONVERSION = YES;
				CLANG_WARN_DEPRECATED_OBJC_IMPLEMENTATIONS = YES;
				CLANG_WARN_DIRECT_OBJC_ISA_USAGE = YES_ERROR;
				CLANG_WARN_DOCUMENTATION_COMMENTS = YES;
				CLANG_WARN_EMPTY_BODY = YES;
				CLANG_WARN_ENUM_CONVERSION = YES;
				CLANG_WARN_INFINITE_RECURSION = YES;
				CLANG_WARN_INT_CONVERSION = YES;
				CLANG_WARN_NON_LITERAL_NULL_CONVERSION = YES;
				CLANG_WARN_OBJC_IMPLICIT_RETAIN_SELF = YES;
				CLANG_WARN_OBJC_LITERAL_CONVERSION = YES;
				CLANG_WARN_OBJC_ROOT_CLASS = YES_ERROR;
				CLANG_WARN_QUOTED_INCLUDE_IN_FRAMEWORK_HEADER = YES;
				CLANG_WARN_RANGE_LOOP_ANALYSIS = YES;
				CLANG_WARN_STRICT_PROTOTYPES = YES;
				CLANG_WARN_SUSPICIOUS_MOVE = YES;
				CLANG_WARN_UNGUARDED_AVAILABILITY = YES_AGGRESSIVE;
				CLANG_WARN_UNREACHABLE_CODE = YES;
				CLANG_WARN__DUPLICATE_METHOD_MATCH = YES;
				COPY_PHASE_STRIP = NO;
				DEBUG_INFORMATION_FORMAT = "dwarf-with-dsym";
				ENABLE_NS_ASSERTIONS = NO;
				ENABLE_STRICT_OBJC_MSGSEND = YES;
				GCC_C_LANGUAGE_STANDARD = gnu11;
				GCC_NO_COMMON_BLOCKS = YES;
				GCC_WARN_64_TO_32_BIT_CONVERSION = YES;
				GCC_WARN_ABOUT_RETURN_TYPE = YES_ERROR;
				GCC_WARN_UNDECLARED_SELECTOR = YES;
				GCC_WARN_UNINITIALIZED_AUTOS = YES_AGGRESSIVE;
				GCC_WARN_UNUSED_FUNCTION = YES;
				GCC_WARN_UNUSED_VARIABLE = YES;
				IPHONEOS_DEPLOYMENT_TARGET = 15.2;
				MTL_ENABLE_DEBUG_INFO = NO;
				MTL_FAST_MATH = YES;
				SDKROOT = iphoneos;
				SWIFT_COMPILATION_MODE = wholemodule;
				SWIFT_OPTIMIZATION_LEVEL = "-O";
				VALIDATE_PRODUCT = YES;
			};
			name = Release;
		};
		537D624927DBE5B800882207 /* Debug */ = {
			isa = XCBuildConfiguration;
			buildSettings = {
				ASSETCATALOG_COMPILER_APPICON_NAME = AppIcon;
				ASSETCATALOG_COMPILER_GLOBAL_ACCENT_COLOR_NAME = AccentColor;
				CODE_SIGN_STYLE = Automatic;
				CURRENT_PROJECT_VERSION = 1;
				DEVELOPMENT_ASSET_PATHS = "\"Diced/Preview Content\"";
				DEVELOPMENT_TEAM = 4JVZ744BL2;
				ENABLE_PREVIEWS = YES;
				GENERATE_INFOPLIST_FILE = YES;
				INFOPLIST_KEY_UIApplicationSceneManifest_Generation = YES;
				INFOPLIST_KEY_UIApplicationSupportsIndirectInputEvents = YES;
				INFOPLIST_KEY_UILaunchScreen_Generation = YES;
				INFOPLIST_KEY_UISupportedInterfaceOrientations_iPad = "UIInterfaceOrientationPortrait UIInterfaceOrientationPortraitUpsideDown UIInterfaceOrientationLandscapeLeft UIInterfaceOrientationLandscapeRight";
				INFOPLIST_KEY_UISupportedInterfaceOrientations_iPhone = "UIInterfaceOrientationPortrait UIInterfaceOrientationLandscapeLeft UIInterfaceOrientationLandscapeRight";
				LD_RUNPATH_SEARCH_PATHS = (
					"$(inherited)",
					"@executable_path/Frameworks",
				);
				MARKETING_VERSION = 1.0;
				PRODUCT_BUNDLE_IDENTIFIER = Batyr.Diced;
				PRODUCT_NAME = "$(TARGET_NAME)";
				SWIFT_EMIT_LOC_STRINGS = YES;
				SWIFT_VERSION = 5.0;
				TARGETED_DEVICE_FAMILY = "1,2";
			};
			name = Debug;
		};
		537D624A27DBE5B800882207 /* Release */ = {
			isa = XCBuildConfiguration;
			buildSettings = {
				ASSETCATALOG_COMPILER_APPICON_NAME = AppIcon;
				ASSETCATALOG_COMPILER_GLOBAL_ACCENT_COLOR_NAME = AccentColor;
				CODE_SIGN_STYLE = Automatic;
				CURRENT_PROJECT_VERSION = 1;
				DEVELOPMENT_ASSET_PATHS = "\"Diced/Preview Content\"";
				DEVELOPMENT_TEAM = 4JVZ744BL2;
				ENABLE_PREVIEWS = YES;
				GENERATE_INFOPLIST_FILE = YES;
				INFOPLIST_KEY_UIApplicationSceneManifest_Generation = YES;
				INFOPLIST_KEY_UIApplicationSupportsIndirectInputEvents = YES;
				INFOPLIST_KEY_UILaunchScreen_Generation = YES;
				INFOPLIST_KEY_UISupportedInterfaceOrientations_iPad = "UIInterfaceOrientationPortrait UIInterfaceOrientationPortraitUpsideDown UIInterfaceOrientationLandscapeLeft UIInterfaceOrientationLandscapeRight";
				INFOPLIST_KEY_UISupportedInterfaceOrientations_iPhone = "UIInterfaceOrientationPortrait UIInterfaceOrientationLandscapeLeft UIInterfaceOrientationLandscapeRight";
				LD_RUNPATH_SEARCH_PATHS = (
					"$(inherited)",
					"@executable_path/Frameworks",
				);
				MARKETING_VERSION = 1.0;
				PRODUCT_BUNDLE_IDENTIFIER = Batyr.Diced;
				PRODUCT_NAME = "$(TARGET_NAME)";
				SWIFT_EMIT_LOC_STRINGS = YES;
				SWIFT_VERSION = 5.0;
				TARGETED_DEVICE_FAMILY = "1,2";
			};
			name = Release;
		};
		537D624C27DBE5B800882207 /* Debug */ = {
			isa = XCBuildConfiguration;
			buildSettings = {
				ALWAYS_EMBED_SWIFT_STANDARD_LIBRARIES = YES;
				BUNDLE_LOADER = "$(TEST_HOST)";
				CODE_SIGN_STYLE = Automatic;
				CURRENT_PROJECT_VERSION = 1;
				DEVELOPMENT_TEAM = 4JVZ744BL2;
				GENERATE_INFOPLIST_FILE = YES;
				IPHONEOS_DEPLOYMENT_TARGET = 15.2;
				MARKETING_VERSION = 1.0;
				PRODUCT_BUNDLE_IDENTIFIER = Batyr.DicedTests;
				PRODUCT_NAME = "$(TARGET_NAME)";
				SWIFT_EMIT_LOC_STRINGS = NO;
				SWIFT_VERSION = 5.0;
				TARGETED_DEVICE_FAMILY = "1,2";
				TEST_HOST = "$(BUILT_PRODUCTS_DIR)/Diced.app/Diced";
			};
			name = Debug;
		};
		537D624D27DBE5B800882207 /* Release */ = {
			isa = XCBuildConfiguration;
			buildSettings = {
				ALWAYS_EMBED_SWIFT_STANDARD_LIBRARIES = YES;
				BUNDLE_LOADER = "$(TEST_HOST)";
				CODE_SIGN_STYLE = Automatic;
				CURRENT_PROJECT_VERSION = 1;
				DEVELOPMENT_TEAM = 4JVZ744BL2;
				GENERATE_INFOPLIST_FILE = YES;
				IPHONEOS_DEPLOYMENT_TARGET = 15.2;
				MARKETING_VERSION = 1.0;
				PRODUCT_BUNDLE_IDENTIFIER = Batyr.DicedTests;
				PRODUCT_NAME = "$(TARGET_NAME)";
				SWIFT_EMIT_LOC_STRINGS = NO;
				SWIFT_VERSION = 5.0;
				TARGETED_DEVICE_FAMILY = "1,2";
				TEST_HOST = "$(BUILT_PRODUCTS_DIR)/Diced.app/Diced";
			};
			name = Release;
		};
		537D624F27DBE5B800882207 /* Debug */ = {
			isa = XCBuildConfiguration;
			buildSettings = {
				ALWAYS_EMBED_SWIFT_STANDARD_LIBRARIES = YES;
				CODE_SIGN_STYLE = Automatic;
				CURRENT_PROJECT_VERSION = 1;
				DEVELOPMENT_TEAM = 4JVZ744BL2;
				GENERATE_INFOPLIST_FILE = YES;
				MARKETING_VERSION = 1.0;
				PRODUCT_BUNDLE_IDENTIFIER = Batyr.DicedUITests;
				PRODUCT_NAME = "$(TARGET_NAME)";
				SWIFT_EMIT_LOC_STRINGS = NO;
				SWIFT_VERSION = 5.0;
				TARGETED_DEVICE_FAMILY = "1,2";
				TEST_TARGET_NAME = Diced;
			};
			name = Debug;
		};
		537D625027DBE5B800882207 /* Release */ = {
			isa = XCBuildConfiguration;
			buildSettings = {
				ALWAYS_EMBED_SWIFT_STANDARD_LIBRARIES = YES;
				CODE_SIGN_STYLE = Automatic;
				CURRENT_PROJECT_VERSION = 1;
				DEVELOPMENT_TEAM = 4JVZ744BL2;
				GENERATE_INFOPLIST_FILE = YES;
				MARKETING_VERSION = 1.0;
				PRODUCT_BUNDLE_IDENTIFIER = Batyr.DicedUITests;
				PRODUCT_NAME = "$(TARGET_NAME)";
				SWIFT_EMIT_LOC_STRINGS = NO;
				SWIFT_VERSION = 5.0;
				TARGETED_DEVICE_FAMILY = "1,2";
				TEST_TARGET_NAME = Diced;
			};
			name = Release;
		};
/* End XCBuildConfiguration section */

/* Begin XCConfigurationList section */
		537D621F27DBE5B600882207 /* Build configuration list for PBXProject "Diced" */ = {
			isa = XCConfigurationList;
			buildConfigurations = (
				537D624627DBE5B800882207 /* Debug */,
				537D624727DBE5B800882207 /* Release */,
			);
			defaultConfigurationIsVisible = 0;
			defaultConfigurationName = Release;
		};
		537D624827DBE5B800882207 /* Build configuration list for PBXNativeTarget "Diced" */ = {
			isa = XCConfigurationList;
			buildConfigurations = (
				537D624927DBE5B800882207 /* Debug */,
				537D624A27DBE5B800882207 /* Release */,
			);
			defaultConfigurationIsVisible = 0;
			defaultConfigurationName = Release;
		};
		537D624B27DBE5B800882207 /* Build configuration list for PBXNativeTarget "DicedTests" */ = {
			isa = XCConfigurationList;
			buildConfigurations = (
				537D624C27DBE5B800882207 /* Debug */,
				537D624D27DBE5B800882207 /* Release */,
			);
			defaultConfigurationIsVisible = 0;
			defaultConfigurationName = Release;
		};
		537D624E27DBE5B800882207 /* Build configuration list for PBXNativeTarget "DicedUITests" */ = {
			isa = XCConfigurationList;
			buildConfigurations = (
				537D624F27DBE5B800882207 /* Debug */,
				537D625027DBE5B800882207 /* Release */,
			);
			defaultConfigurationIsVisible = 0;
			defaultConfigurationName = Release;
		};
/* End XCConfigurationList section */
	};
	rootObject = 537D621C27DBE5B600882207 /* Project object */;
}
